dependencies:
  espressif/cjson:
    component_hash: e788323270d90738662d66fffa910bfe1fba019bba087f01557e70c40485b469
    dependencies:
    - name: idf
      require: private
      version: '>=5.0'
    source:
      registry_url: https://components.espressif.com/
      type: service
    version: 1.7.19~2
  espressif/esp_libsrtp:
    component_hash: 131560184c73ec09f77d8904a2db709307803f0f9f111898921b6966776eac15
    dependencies: []
    source:
      registry_url: https://components.espressif.com
      type: service
    version: 1.0.0
  espressif/esp_peer:
    component_hash: 2013edcc7d88756830055a74d86a3900f484d6015aacb820a6b7d81e53c7b05b
    dependencies:
    - name: espressif/esp_libsrtp
      registry_url: https://components.espressif.com
      require: private
      version: ^1.0.0
    source:
      registry_url: https://components.espressif.com/
      type: service
    version: 1.4.1
  espressif/esp_websocket_client:
    component_hash: 3fb288702517ef4d75bf933a115f1056ee0c2540d964f9e1d856e0bb67e1dfeb
    dependencies:
    - name: idf
      require: private
      version: '>=5.0'
    source:
      registry_url: https://components.espressif.com/
      type: service
    version: 1.7.0
  idf:
    source:
      type: idf
    version: 6.0.0
direct_dependencies:
- espressif/cjson
- espressif/esp_peer
- espressif/esp_websocket_client
manifest_hash: e86636fdeddb150d3359e502de8eac5d10c0f1d741c1403c263a2d032ece82af
target: esp32s3
version: 3.0.0
